// !$*UTF8*$!
{
	archiveVersion = 1;
	classes = {
	};
	objectVersion = 50;
	objects = {

/* Begin PBXBuildFile section */
		785859FA21156AE4006CF1AF /* AppDelegate.swift in Sources */ = {isa = PBXBuildFile; fileRef = 785859F921156AE4006CF1AF /* AppDelegate.swift */; };
		785859FC21156AE4006CF1AF /* ViewController.swift in Sources */ = {isa = PBXBuildFile; fileRef = 785859FB21156AE4006CF1AF /* ViewController.swift */; };
		785859FF21156AE4006CF1AF /* Main.storyboard in Resources */ = {isa = PBXBuildFile; fileRef = 785859FD21156AE4006CF1AF /* Main.storyboard */; };
		78585A0121156AE6006CF1AF /* Assets.xcassets in Resources */ = {isa = PBXBuildFile; fileRef = 78585A0021156AE6006CF1AF /* Assets.xcassets */; };
		78585A0421156AE6006CF1AF /* LaunchScreen.storyboard in Resources */ = {isa = PBXBuildFile; fileRef = 78585A0221156AE6006CF1AF /* LaunchScreen.storyboard */; };
		78585A0F21156AE6006CF1AF /* ConcentrationTests.swift in Sources */ = {isa = PBXBuildFile; fileRef = 78585A0E21156AE6006CF1AF /* ConcentrationTests.swift */; };
		78585A1A21156AE7006CF1AF /* ConcentrationUITests.swift in Sources */ = {isa = PBXBuildFile; fileRef = 78585A1921156AE7006CF1AF /* ConcentrationUITests.swift */; };
/* End PBXBuildFile section */

/* Begin PBXContainerItemProxy section */
		78585A0B21156AE6006CF1AF /* PBXContainerItemProxy */ = {
			isa = PBXContainerItemProxy;
			containerPortal = 785859EE21156AE4006CF1AF /* Project object */;
			proxyType = 1;
			remoteGlobalIDString = 785859F521156AE4006CF1AF;
			remoteInfo = Concentration;
		};
		78585A1621156AE7006CF1AF /* PBXContainerItemProxy */ = {
			isa = PBXContainerItemProxy;
			containerPortal = 785859EE21156AE4006CF1AF /* Project object */;
			proxyType = 1;
			remoteGlobalIDString = 785859F521156AE4006CF1AF;
			remoteInfo = Concentration;
		};
/* End PBXContainerItemProxy section */

/* Begin PBXFileReference section */
		785859F621156AE4006CF1AF /* Concentration.app */ = {isa = PBXFileReference; explicitFileType = wrapper.application; includeInIndex = 0; path = Concentration.app; sourceTree = BUILT_PRODUCTS_DIR; };
		785859F921156AE4006CF1AF /* AppDelegate.swift */ = {isa = PBXFileReference; lastKnownFileType = sourcecode.swift; path = AppDelegate.swift; sourceTree = "<group>"; };
		785859FB21156AE4006CF1AF /* ViewController.swift */ = {isa = PBXFileReference; lastKnownFileType = sourcecode.swift; path = ViewController.swift; sourceTree = "<group>"; };
		785859FE21156AE4006CF1AF /* Base */ = {isa = PBXFileReference; lastKnownFileType = file.storyboard; name = Base; path = Base.lproj/Main.storyboard; sourceTree = "<group>"; };
		78585A0021156AE6006CF1AF /* Assets.xcassets */ = {isa = PBXFileReference; lastKnownFileType = folder.assetcatalog; path = Assets.xcassets; sourceTree = "<group>"; };
		78585A0321156AE6006CF1AF /* Base */ = {isa = PBXFileReference; lastKnownFileType = file.storyboard; name = Base; path = Base.lproj/LaunchScreen.storyboard; sourceTree = "<group>"; };
		78585A0521156AE6006CF1AF /* Info.plist */ = {isa = PBXFileReference; lastKnownFileType = text.plist.xml; path = Info.plist; sourceTree = "<group>"; };
		78585A0A21156AE6006CF1AF /* ConcentrationTests.xctest */ = {isa = PBXFileReference; explicitFileType = wrapper.cfbundle; includeInIndex = 0; path = ConcentrationTests.xctest; sourceTree = BUILT_PRODUCTS_DIR; };
		78585A0E21156AE6006CF1AF /* ConcentrationTests.swift */ = {isa = PBXFileReference; lastKnownFileType = sourcecode.swift; path = ConcentrationTests.swift; sourceTree = "<group>"; };
		78585A1021156AE6006CF1AF /* Info.plist */ = {isa = PBXFileReference; lastKnownFileType = text.plist.xml; path = Info.plist; sourceTree = "<group>"; };
		78585A1521156AE6006CF1AF /* ConcentrationUITests.xctest */ = {isa = PBXFileReference; explicitFileType = wrapper.cfbundle; includeInIndex = 0; path = ConcentrationUITests.xctest; sourceTree = BUILT_PRODUCTS_DIR; };
		78585A1921156AE7006CF1AF /* ConcentrationUITests.swift */ = {isa = PBXFileReference; lastKnownFileType = sourcecode.swift; path = ConcentrationUITests.swift; sourceTree = "<group>"; };
		78585A1B21156AE7006CF1AF /* Info.plist */ = {isa = PBXFileReference; lastKnownFileType = text.plist.xml; path = Info.plist; sourceTree = "<group>"; };
/* End PBXFileReference section */

/* Begin PBXFrameworksBuildPhase section */
		785859F321156AE4006CF1AF /* Frameworks */ = {
			isa = PBXFrameworksBuildPhase;
			buildActionMask = 2147483647;
			files = (
			);
			runOnlyForDeploymentPostprocessing = 0;
		};
		78585A0721156AE6006CF1AF /* Frameworks */ = {
			isa = PBXFrameworksBuildPhase;
			buildActionMask = 2147483647;
			files = (
			);
			runOnlyForDeploymentPostprocessing = 0;
		};
		78585A1221156AE6006CF1AF /* Frameworks */ = {
			isa = PBXFrameworksBuildPhase;
			buildActionMask = 2147483647;
			files = (
			);
			runOnlyForDeploymentPostprocessing = 0;
		};
/* End PBXFrameworksBuildPhase section */

/* Begin PBXGroup section */
		785859ED21156AE4006CF1AF = {
			isa = PBXGroup;
			children = (
				785859F821156AE4006CF1AF /* Concentration */,
				78585A0D21156AE6006CF1AF /* ConcentrationTests */,
				78585A1821156AE7006CF1AF /* ConcentrationUITests */,
				785859F721156AE4006CF1AF /* Products */,
			);
			sourceTree = "<group>";
		};
		785859F721156AE4006CF1AF /* Products */ = {
			isa = PBXGroup;
			children = (
				785859F621156AE4006CF1AF /* Concentration.app */,
				78585A0A21156AE6006CF1AF /* ConcentrationTests.xctest */,
				78585A1521156AE6006CF1AF /* ConcentrationUITests.xctest */,
			);
			name = Products;
			sourceTree = "<group>";
		};
		785859F821156AE4006CF1AF /* Concentration */ = {
			isa = PBXGroup;
			children = (
				785859FB21156AE4006CF1AF /* ViewController.swift */,
				785859FD21156AE4006CF1AF /* Main.storyboard */,
				78585A0521156AE6006CF1AF /* Info.plist */,
				78585A2721156C8A006CF1AF /* Supportion Files */,
			);
			path = Concentration;
			sourceTree = "<group>";
		};
		78585A0D21156AE6006CF1AF /* ConcentrationTests */ = {
			isa = PBXGroup;
			children = (
				78585A0E21156AE6006CF1AF /* ConcentrationTests.swift */,
				78585A1021156AE6006CF1AF /* Info.plist */,
			);
			path = ConcentrationTests;
			sourceTree = "<group>";
		};
		78585A1821156AE7006CF1AF /* ConcentrationUITests */ = {
			isa = PBXGroup;
			children = (
				78585A1921156AE7006CF1AF /* ConcentrationUITests.swift */,
				78585A1B21156AE7006CF1AF /* Info.plist */,
			);
			path = ConcentrationUITests;
			sourceTree = "<group>";
		};
		78585A2721156C8A006CF1AF /* Supportion Files */ = {
			isa = PBXGroup;
			children = (
				785859F921156AE4006CF1AF /* AppDelegate.swift */,
				78585A0021156AE6006CF1AF /* Assets.xcassets */,
				78585A0221156AE6006CF1AF /* LaunchScreen.storyboard */,
			);
			path = "Supportion Files";
			sourceTree = "<group>";
		};
/* End PBXGroup section */

/* Begin PBXNativeTarget section */
		785859F521156AE4006CF1AF /* Concentration */ = {
			isa = PBXNativeTarget;
			buildConfigurationList = 78585A1E21156AE7006CF1AF /* Build configuration list for PBXNativeTarget "Concentration" */;
			buildPhases = (
				785859F221156AE4006CF1AF /* Sources */,
				785859F321156AE4006CF1AF /* Frameworks */,
				785859F421156AE4006CF1AF /* Resources */,
			);
			buildRules = (
			);
			dependencies = (
			);
			name = Concentration;
			productName = Concentration;
			productReference = 785859F621156AE4006CF1AF /* Concentration.app */;
			productType = "com.apple.product-type.application";
		};
		78585A0921156AE6006CF1AF /* ConcentrationTests */ = {
			isa = PBXNativeTarget;
			buildConfigurationList = 78585A2121156AE7006CF1AF /* Build configuration list for PBXNativeTarget "ConcentrationTests" */;
			buildPhases = (
				78585A0621156AE6006CF1AF /* Sources */,
				78585A0721156AE6006CF1AF /* Frameworks */,
				78585A0821156AE6006CF1AF /* Resources */,
			);
			buildRules = (
			);
			dependencies = (
				78585A0C21156AE6006CF1AF /* PBXTargetDependency */,
			);
			name = ConcentrationTests;
			productName = ConcentrationTests;
			productReference = 78585A0A21156AE6006CF1AF /* ConcentrationTests.xctest */;
			productType = "com.apple.product-type.bundle.unit-test";
		};
		78585A1421156AE6006CF1AF /* ConcentrationUITests */ = {
			isa = PBXNativeTarget;
			buildConfigurationList = 78585A2421156AE7006CF1AF /* Build configuration list for PBXNativeTarget "ConcentrationUITests" */;
			buildPhases = (
				78585A1121156AE6006CF1AF /* Sources */,
				78585A1221156AE6006CF1AF /* Frameworks */,
				78585A1321156AE6006CF1AF /* Resources */,
			);
			buildRules = (
			);
			dependencies = (
				78585A1721156AE7006CF1AF /* PBXTargetDependency */,
			);
			name = ConcentrationUITests;
			productName = ConcentrationUITests;
			productReference = 78585A1521156AE6006CF1AF /* ConcentrationUITests.xctest */;
			productType = "com.apple.product-type.bundle.ui-testing";
		};
/* End PBXNativeTarget section */

/* Begin PBXProject section */
		785859EE21156AE4006CF1AF /* Project object */ = {
			isa = PBXProject;
			attributes = {
				LastSwiftUpdateCheck = 0940;
				LastUpgradeCheck = 0940;
				ORGANIZATIONNAME = taeok;
				TargetAttributes = {
					785859F521156AE4006CF1AF = {
						CreatedOnToolsVersion = 9.4;
					};
					78585A0921156AE6006CF1AF = {
						CreatedOnToolsVersion = 9.4;
						TestTargetID = 785859F521156AE4006CF1AF;
					};
					78585A1421156AE6006CF1AF = {
						CreatedOnToolsVersion = 9.4;
						TestTargetID = 785859F521156AE4006CF1AF;
					};
				};
			};
			buildConfigurationList = 785859F121156AE4006CF1AF /* Build configuration list for PBXProject "Concentration" */;
			compatibilityVersion = "Xcode 9.3";
			developmentRegion = en;
			hasScannedForEncodings = 0;
			knownRegions = (
				en,
				Base,
			);
			mainGroup = 785859ED21156AE4006CF1AF;
			productRefGroup = 785859F721156AE4006CF1AF /* Products */;
			projectDirPath = "";
			projectRoot = "";
			targets = (
				785859F521156AE4006CF1AF /* Concentration */,
				78585A0921156AE6006CF1AF /* ConcentrationTests */,
				78585A1421156AE6006CF1AF /* ConcentrationUITests */,
			);
		};
/* End PBXProject section */

/* Begin PBXResourcesBuildPhase section */
		785859F421156AE4006CF1AF /* Resources */ = {
			isa = PBXResourcesBuildPhase;
			buildActionMask = 2147483647;
			files = (
				78585A0421156AE6006CF1AF /* LaunchScreen.storyboard in Resources */,
				78585A0121156AE6006CF1AF /* Assets.xcassets in Resources */,
				785859FF21156AE4006CF1AF /* Main.storyboard in Resources */,
			);
			runOnlyForDeploymentPostprocessing = 0;
		};
		78585A0821156AE6006CF1AF /* Resources */ = {
			isa = PBXResourcesBuildPhase;
			buildActionMask = 2147483647;
			files = (
			);
			runOnlyForDeploymentPostprocessing = 0;
		};
		78585A1321156AE6006CF1AF /* Resources */ = {
			isa = PBXResourcesBuildPhase;
			buildActionMask = 2147483647;
			files = (
			);
			runOnlyForDeploymentPostprocessing = 0;
		};
/* End PBXResourcesBuildPhase section */

/* Begin PBXSourcesBuildPhase section */
		785859F221156AE4006CF1AF /* Sources */ = {
			isa = PBXSourcesBuildPhase;
			buildActionMask = 2147483647;
			files = (
				785859FC21156AE4006CF1AF /* ViewController.swift in Sources */,
				785859FA21156AE4006CF1AF /* AppDelegate.swift in Sources */,
			);
			runOnlyForDeploymentPostprocessing = 0;
		};
		78585A0621156AE6006CF1AF /* Sources */ = {
			isa = PBXSourcesBuildPhase;
			buildActionMask = 2147483647;
			files = (
				78585A0F21156AE6006CF1AF /* ConcentrationTests.swift in Sources */,
			);
			runOnlyForDeploymentPostprocessing = 0;
		};
		78585A1121156AE6006CF1AF /* Sources */ = {
			isa = PBXSourcesBuildPhase;
			buildActionMask = 2147483647;
			files = (
				78585A1A21156AE7006CF1AF /* ConcentrationUITests.swift in Sources */,
			);
			runOnlyForDeploymentPostprocessing = 0;
		};
/* End PBXSourcesBuildPhase section */

/* Begin PBXTargetDependency section */
		78585A0C21156AE6006CF1AF /* PBXTargetDependency */ = {
			isa = PBXTargetDependency;
			target = 785859F521156AE4006CF1AF /* Concentration */;
			targetProxy = 78585A0B21156AE6006CF1AF /* PBXContainerItemProxy */;
		};
		78585A1721156AE7006CF1AF /* PBXTargetDependency */ = {
			isa = PBXTargetDependency;
			target = 785859F521156AE4006CF1AF /* Concentration */;
			targetProxy = 78585A1621156AE7006CF1AF /* PBXContainerItemProxy */;
		};
/* End PBXTargetDependency section */

/* Begin PBXVariantGroup section */
		785859FD21156AE4006CF1AF /* Main.storyboard */ = {
			isa = PBXVariantGroup;
			children = (
				785859FE21156AE4006CF1AF /* Base */,
			);
			name = Main.storyboard;
			sourceTree = "<group>";
		};
		78585A0221156AE6006CF1AF /* LaunchScreen.storyboard */ = {
			isa = PBXVariantGroup;
			children = (
				78585A0321156AE6006CF1AF /* Base */,
			);
			name = LaunchScreen.storyboard;
			sourceTree = "<group>";
		};
/* End PBXVariantGroup section */

/* Begin XCBuildConfiguration section */
		78585A1C21156AE7006CF1AF /* Debug */ = {
			isa = XCBuildConfiguration;
			buildSettings = {
				ALWAYS_SEARCH_USER_PATHS = NO;
				CLANG_ANALYZER_NONNULL = YES;
				CLANG_ANALYZER_NUMBER_OBJECT_CONVERSION = YES_AGGRESSIVE;
				CLANG_CXX_LANGUAGE_STANDARD = "gnu++14";
				CLANG_CXX_LIBRARY = "libc++";
				CLANG_ENABLE_MODULES = YES;
				CLANG_ENABLE_OBJC_ARC = YES;
				CLANG_ENABLE_OBJC_WEAK = YES;
				CLANG_WARN_BLOCK_CAPTURE_AUTORELEASING = YES;
				CLANG_WARN_BOOL_CONVERSION = YES;
				CLANG_WARN_COMMA = YES;
				CLANG_WARN_CONSTANT_CONVERSION = YES;
				CLANG_WARN_DEPRECATED_OBJC_IMPLEMENTATIONS = YES;
				CLANG_WARN_DIRECT_OBJC_ISA_USAGE = YES_ERROR;
				CLANG_WARN_DOCUMENTATION_COMMENTS = YES;
				CLANG_WARN_EMPTY_BODY = YES;
				CLANG_WARN_ENUM_CONVERSION = YES;
				CLANG_WARN_INFINITE_RECURSION = YES;
				CLANG_WARN_INT_CONVERSION = YES;
				CLANG_WARN_NON_LITERAL_NULL_CONVERSION = YES;
				CLANG_WARN_OBJC_IMPLICIT_RETAIN_SELF = YES;
				CLANG_WARN_OBJC_LITERAL_CONVERSION = YES;
				CLANG_WARN_OBJC_ROOT_CLASS = YES_ERROR;
				CLANG_WARN_RANGE_LOOP_ANALYSIS = YES;
				CLANG_WARN_STRICT_PROTOTYPES = YES;
				CLANG_WARN_SUSPICIOUS_MOVE = YES;
				CLANG_WARN_UNGUARDED_AVAILABILITY = YES_AGGRESSIVE;
				CLANG_WARN_UNREACHABLE_CODE = YES;
				CLANG_WARN__DUPLICATE_METHOD_MATCH = YES;
				CODE_SIGN_IDENTITY = "iPhone Developer";
				COPY_PHASE_STRIP = NO;
				DEBUG_INFORMATION_FORMAT = dwarf;
				ENABLE_STRICT_OBJC_MSGSEND = YES;
				ENABLE_TESTABILITY = YES;
				GCC_C_LANGUAGE_STANDARD = gnu11;
				GCC_DYNAMIC_NO_PIC = NO;
				GCC_NO_COMMON_BLOCKS = YES;
				GCC_OPTIMIZATION_LEVEL = 0;
				GCC_PREPROCESSOR_DEFINITIONS = (
					"DEBUG=1",
					"$(inherited)",
				);
				GCC_WARN_64_TO_32_BIT_CONVERSION = YES;
				GCC_WARN_ABOUT_RETURN_TYPE = YES_ERROR;
				GCC_WARN_UNDECLARED_SELECTOR = YES;
				GCC_WARN_UNINITIALIZED_AUTOS = YES_AGGRESSIVE;
				GCC_WARN_UNUSED_FUNCTION = YES;
				GCC_WARN_UNUSED_VARIABLE = YES;
				IPHONEOS_DEPLOYMENT_TARGET = 11.4;
				MTL_ENABLE_DEBUG_INFO = YES;
				ONLY_ACTIVE_ARCH = YES;
				SDKROOT = iphoneos;
				SWIFT_ACTIVE_COMPILATION_CONDITIONS = DEBUG;
				SWIFT_OPTIMIZATION_LEVEL = "-Onone";
			};
			name = Debug;
		};
		78585A1D21156AE7006CF1AF /* Release */ = {
			isa = XCBuildConfiguration;
			buildSettings = {
				ALWAYS_SEARCH_USER_PATHS = NO;
				CLANG_ANALYZER_NONNULL = YES;
				CLANG_ANALYZER_NUMBER_OBJECT_CONVERSION = YES_AGGRESSIVE;
				CLANG_CXX_LANGUAGE_STANDARD = "gnu++14";
				CLANG_CXX_LIBRARY = "libc++";
				CLANG_ENABLE_MODULES = YES;
				CLANG_ENABLE_OBJC_ARC = YES;
				CLANG_ENABLE_OBJC_WEAK = YES;
				CLANG_WARN_BLOCK_CAPTURE_AUTORELEASING = YES;
				CLANG_WARN_BOOL_CONVERSION = YES;
				CLANG_WARN_COMMA = YES;
				CLANG_WARN_CONSTANT_CONVERSION = YES;
				CLANG_WARN_DEPRECATED_OBJC_IMPLEMENTATIONS = YES;
				CLANG_WARN_DIRECT_OBJC_ISA_USAGE = YES_ERROR;
				CLANG_WARN_DOCUMENTATION_COMMENTS = YES;
				CLANG_WARN_EMPTY_BODY = YES;
				CLANG_WARN_ENUM_CONVERSION = YES;
				CLANG_WARN_INFINITE_RECURSION = YES;
				CLANG_WARN_INT_CONVERSION = YES;
				CLANG_WARN_NON_LITERAL_NULL_CONVERSION = YES;
				CLANG_WARN_OBJC_IMPLICIT_RETAIN_SELF = YES;
				CLANG_WARN_OBJC_LITERAL_CONVERSION = YES;
				CLANG_WARN_OBJC_ROOT_CLASS = YES_ERROR;
				CLANG_WARN_RANGE_LOOP_ANALYSIS = YES;
				CLANG_WARN_STRICT_PROTOTYPES = YES;
				CLANG_WARN_SUSPICIOUS_MOVE = YES;
				CLANG_WARN_UNGUARDED_AVAILABILITY = YES_AGGRESSIVE;
				CLANG_WARN_UNREACHABLE_CODE = YES;
				CLANG_WARN__DUPLICATE_METHOD_MATCH = YES;
				CODE_SIGN_IDENTITY = "iPhone Developer";
				COPY_PHASE_STRIP = NO;
				DEBUG_INFORMATION_FORMAT = "dwarf-with-dsym";
				ENABLE_NS_ASSERTIONS = NO;
				ENABLE_STRICT_OBJC_MSGSEND = YES;
				GCC_C_LANGUAGE_STANDARD = gnu11;
				GCC_NO_COMMON_BLOCKS = YES;
				GCC_WARN_64_TO_32_BIT_CONVERSION = YES;
				GCC_WARN_ABOUT_RETURN_TYPE = YES_ERROR;
				GCC_WARN_UNDECLARED_SELECTOR = YES;
				GCC_WARN_UNINITIALIZED_AUTOS = YES_AGGRESSIVE;
				GCC_WARN_UNUSED_FUNCTION = YES;
				GCC_WARN_UNUSED_VARIABLE = YES;
				IPHONEOS_DEPLOYMENT_TARGET = 11.4;
				MTL_ENABLE_DEBUG_INFO = NO;
				SDKROOT = iphoneos;
				SWIFT_COMPILATION_MODE = wholemodule;
				SWIFT_OPTIMIZATION_LEVEL = "-O";
				VALIDATE_PRODUCT = YES;
			};
			name = Release;
		};
		78585A1F21156AE7006CF1AF /* Debug */ = {
			isa = XCBuildConfiguration;
			buildSettings = {
				ASSETCATALOG_COMPILER_APPICON_NAME = AppIcon;
				CODE_SIGN_STYLE = Automatic;
				INFOPLIST_FILE = Concentration/Info.plist;
				LD_RUNPATH_SEARCH_PATHS = (
					"$(inherited)",
					"@executable_path/Frameworks",
				);
				PRODUCT_BUNDLE_IDENTIFIER = com.nts.taeok.Concentration;
				PRODUCT_NAME = "$(TARGET_NAME)";
				SWIFT_VERSION = 4.0;
				TARGETED_DEVICE_FAMILY = "1,2";
			};
			name = Debug;
		};
		78585A2021156AE7006CF1AF /* Release */ = {
			isa = XCBuildConfiguration;
			buildSettings = {
				ASSETCATALOG_COMPILER_APPICON_NAME = AppIcon;
				CODE_SIGN_STYLE = Automatic;
				INFOPLIST_FILE = Concentration/Info.plist;
				LD_RUNPATH_SEARCH_PATHS = (
					"$(inherited)",
					"@executable_path/Frameworks",
				);
				PRODUCT_BUNDLE_IDENTIFIER = com.nts.taeok.Concentration;
				PRODUCT_NAME = "$(TARGET_NAME)";
				SWIFT_VERSION = 4.0;
				TARGETED_DEVICE_FAMILY = "1,2";
			};
			name = Release;
		};
		78585A2221156AE7006CF1AF /* Debug */ = {
			isa = XCBuildConfiguration;
			buildSettings = {
				ALWAYS_EMBED_SWIFT_STANDARD_LIBRARIES = YES;
				BUNDLE_LOADER = "$(TEST_HOST)";
				CODE_SIGN_STYLE = Automatic;
				INFOPLIST_FILE = ConcentrationTests/Info.plist;
				LD_RUNPATH_SEARCH_PATHS = (
					"$(inherited)",
					"@executable_path/Frameworks",
					"@loader_path/Frameworks",
				);
				PRODUCT_BUNDLE_IDENTIFIER = com.nts.taeok.ConcentrationTests;
				PRODUCT_NAME = "$(TARGET_NAME)";
				SWIFT_VERSION = 4.0;
				TARGETED_DEVICE_FAMILY = "1,2";
				TEST_HOST = "$(BUILT_PRODUCTS_DIR)/Concentration.app/Concentration";
			};
			name = Debug;
		};
		78585A2321156AE7006CF1AF /* Release */ = {
			isa = XCBuildConfiguration;
			buildSettings = {
				ALWAYS_EMBED_SWIFT_STANDARD_LIBRARIES = YES;
				BUNDLE_LOADER = "$(TEST_HOST)";
				CODE_SIGN_STYLE = Automatic;
				INFOPLIST_FILE = ConcentrationTests/Info.plist;
				LD_RUNPATH_SEARCH_PATHS = (
					"$(inherited)",
					"@executable_path/Frameworks",
					"@loader_path/Frameworks",
				);
				PRODUCT_BUNDLE_IDENTIFIER = com.nts.taeok.ConcentrationTests;
				PRODUCT_NAME = "$(TARGET_NAME)";
				SWIFT_VERSION = 4.0;
				TARGETED_DEVICE_FAMILY = "1,2";
				TEST_HOST = "$(BUILT_PRODUCTS_DIR)/Concentration.app/Concentration";
			};
			name = Release;
		};
		78585A2521156AE7006CF1AF /* Debug */ = {
			isa = XCBuildConfiguration;
			buildSettings = {
				ALWAYS_EMBED_SWIFT_STANDARD_LIBRARIES = YES;
				CODE_SIGN_STYLE = Automatic;
				INFOPLIST_FILE = ConcentrationUITests/Info.plist;
				LD_RUNPATH_SEARCH_PATHS = (
					"$(inherited)",
					"@executable_path/Frameworks",
					"@loader_path/Frameworks",
				);
				PRODUCT_BUNDLE_IDENTIFIER = com.nts.taeok.ConcentrationUITests;
				PRODUCT_NAME = "$(TARGET_NAME)";
				SWIFT_VERSION = 4.0;
				TARGETED_DEVICE_FAMILY = "1,2";
				TEST_TARGET_NAME = Concentration;
			};
			name = Debug;
		};
		78585A2621156AE7006CF1AF /* Release */ = {
			isa = XCBuildConfiguration;
			buildSettings = {
				ALWAYS_EMBED_SWIFT_STANDARD_LIBRARIES = YES;
				CODE_SIGN_STYLE = Automatic;
				INFOPLIST_FILE = ConcentrationUITests/Info.plist;
				LD_RUNPATH_SEARCH_PATHS = (
					"$(inherited)",
					"@executable_path/Frameworks",
					"@loader_path/Frameworks",
				);
				PRODUCT_BUNDLE_IDENTIFIER = com.nts.taeok.ConcentrationUITests;
				PRODUCT_NAME = "$(TARGET_NAME)";
				SWIFT_VERSION = 4.0;
				TARGETED_DEVICE_FAMILY = "1,2";
				TEST_TARGET_NAME = Concentration;
			};
			name = Release;
		};
/* End XCBuildConfiguration section */

/* Begin XCConfigurationList section */
		785859F121156AE4006CF1AF /* Build configuration list for PBXProject "Concentration" */ = {
			isa = XCConfigurationList;
			buildConfigurations = (
				78585A1C21156AE7006CF1AF /* Debug */,
				78585A1D21156AE7006CF1AF /* Release */,
			);
			defaultConfigurationIsVisible = 0;
			defaultConfigurationName = Release;
		};
		78585A1E21156AE7006CF1AF /* Build configuration list for PBXNativeTarget "Concentration" */ = {
			isa = XCConfigurationList;
			buildConfigurations = (
				78585A1F21156AE7006CF1AF /* Debug */,
				78585A2021156AE7006CF1AF /* Release */,
			);
			defaultConfigurationIsVisible = 0;
			defaultConfigurationName = Release;
		};
		78585A2121156AE7006CF1AF /* Build configuration list for PBXNativeTarget "ConcentrationTests" */ = {
			isa = XCConfigurationList;
			buildConfigurations = (
				78585A2221156AE7006CF1AF /* Debug */,
				78585A2321156AE7006CF1AF /* Release */,
			);
			defaultConfigurationIsVisible = 0;
			defaultConfigurationName = Release;
		};
		78585A2421156AE7006CF1AF /* Build configuration list for PBXNativeTarget "ConcentrationUITests" */ = {
			isa = XCConfigurationList;
			buildConfigurations = (
				78585A2521156AE7006CF1AF /* Debug */,
				78585A2621156AE7006CF1AF /* Release */,
			);
			defaultConfigurationIsVisible = 0;
			defaultConfigurationName = Release;
		};
/* End XCConfigurationList section */
	};
	rootObject = 785859EE21156AE4006CF1AF /* Project object */;
}
